
Microsoft Visual Studio Solution File, Format Version 12.00
# Visual Studio Version 17
VisualStudioVersion = 17.14.36301.6 d17.14
MinimumVisualStudioVersion = 10.0.40219.1
Project("{FAE04EC0-301F-11D3-BF4B-00C04F79EFBC}") = "AssignmentOOP", "AssignmentOOP.csproj", "{4C6E8C17-4A01-4931-B742-3F97FAF7A55A}"
EndProject
Global
	GlobalSection(SolutionConfigurationPlatforms) = preSolution
		Debug|Any CPU = Debug|Any CPU
		Release|Any CPU = Release|Any CPU
	EndGlobalSection
	GlobalSection(ProjectConfigurationPlatforms) = postSolution
		{4C6E8C17-4A01-4931-B742-3F97FAF7A55A}.Debug|Any CPU.ActiveCfg = Debug|Any CPU
		{4C6E8C17-4A01-4931-B742-3F97FAF7A55A}.Debug|Any CPU.Build.0 = Debug|Any CPU
		{4C6E8C17-4A01-4931-B742-3F97FAF7A55A}.Release|Any CPU.ActiveCfg = Release|Any CPU
		{4C6E8C17-4A01-4931-B742-3F97FAF7A55A}.Release|Any CPU.Build.0 = Release|Any CPU
	EndGlobalSection
	GlobalSection(SolutionProperties) = preSolution
		HideSolutionNode = FALSE
	EndGlobalSection
	GlobalSection(ExtensibilityGlobals) = postSolution
		SolutionGuid = {CDBA499B-BCAE-4023-A226-EE9AD5B2D6A3}
	EndGlobalSection
EndGlobal
